
Microsoft Visual Studio Solution File, Format Version 12.00
# Visual Studio Version 17
VisualStudioVersion = 17.10.35027.167
MinimumVisualStudioVersion = 10.0.40219.1
Project("{FAE04EC0-301F-11D3-BF4B-00C04F79EFBC}") = "PatikaWeek5PratikArray", "PatikaWeek5PratikArray\PatikaWeek5PratikArray.csproj", "{AA7849D9-7CA2-4D05-8B87-B9F6C17EAFF5}"
EndProject
Global
	GlobalSection(SolutionConfigurationPlatforms) = preSolution
		Debug|Any CPU = Debug|Any CPU
		Release|Any CPU = Release|Any CPU
	EndGlobalSection
	GlobalSection(ProjectConfigurationPlatforms) = postSolution
		{AA7849D9-7CA2-4D05-8B87-B9F6C17EAFF5}.Debug|Any CPU.ActiveCfg = Debug|Any CPU
		{AA7849D9-7CA2-4D05-8B87-B9F6C17EAFF5}.Debug|Any CPU.Build.0 = Debug|Any CPU
		{AA7849D9-7CA2-4D05-8B87-B9F6C17EAFF5}.Release|Any CPU.ActiveCfg = Release|Any CPU
		{AA7849D9-7CA2-4D05-8B87-B9F6C17EAFF5}.Release|Any CPU.Build.0 = Release|Any CPU
	EndGlobalSection
	GlobalSection(SolutionProperties) = preSolution
		HideSolutionNode = FALSE
	EndGlobalSection
	GlobalSection(ExtensibilityGlobals) = postSolution
		SolutionGuid = {1F572CD0-EF28-435A-BAA3-5DC4BE114692}
	EndGlobalSection
EndGlobal
